
Microsoft Visual Studio Solution File, Format Version 11.00
# Visual Studio 2010
Project("{8BC9CEB8-8B4A-11D0-8D11-00A0C91BC942}") = "MadEdit", "MadEdit.vcxproj", "{56E48EAF-0A61-4A88-A28B-58357E18F975}"
EndProject
Global
	GlobalSection(SolutionConfigurationPlatforms) = preSolution
		Debug|Win32 = Debug|Win32
		Release|Win32 = Release|Win32
	EndGlobalSection
	GlobalSection(ProjectConfigurationPlatforms) = postSolution
		{56E48EAF-0A61-4A88-A28B-58357E18F975}.Debug|Win32.ActiveCfg = Debug|Win32
		{56E48EAF-0A61-4A88-A28B-58357E18F975}.Debug|Win32.Build.0 = Debug|Win32
		{56E48EAF-0A61-4A88-A28B-58357E18F975}.Release|Win32.ActiveCfg = Release|Win32
		{56E48EAF-0A61-4A88-A28B-58357E18F975}.Release|Win32.Build.0 = Release|Win32
	EndGlobalSection
	GlobalSection(SolutionProperties) = preSolution
		HideSolutionNode = FALSE
	EndGlobalSection
EndGlobal
